
Microsoft Visual Studio Solution File, Format Version 12.00
# Visual Studio Version 17
VisualStudioVersion = 17.0.31919.166
MinimumVisualStudioVersion = 15.0.26124.0
Project("{9A19103F-16F7-4668-BE54-9A1E7A4F7556}") = "NetDaemonTest", "NetDaemonTest\NetDaemonTest.csproj", "{E279326D-AFA5-4304-8681-A908AACEA4C5}"
EndProject
Project("{9A19103F-16F7-4668-BE54-9A1E7A4F7556}") = "NetDaemonInterface", "NetDaemonInterface\NetDaemonInterface.csproj", "{A144BB6C-27E4-478A-B36F-BFEE56E0356C}"
EndProject
Project("{9A19103F-16F7-4668-BE54-9A1E7A4F7556}") = "NetDaemonImpl", "NetDaemonImpl\NetDaemonImpl.csproj", "{4417875C-2346-414D-BB2B-E24090009EA0}"
EndProject
Global
	GlobalSection(SolutionConfigurationPlatforms) = preSolution
		Debug|Any CPU = Debug|Any CPU
		Debug|x64 = Debug|x64
		Debug|x86 = Debug|x86
		Release|Any CPU = Release|Any CPU
		Release|x64 = Release|x64
		Release|x86 = Release|x86
	EndGlobalSection
	GlobalSection(ProjectConfigurationPlatforms) = postSolution
		{E279326D-AFA5-4304-8681-A908AACEA4C5}.Debug|Any CPU.ActiveCfg = Debug|Any CPU
		{E279326D-AFA5-4304-8681-A908AACEA4C5}.Debug|Any CPU.Build.0 = Debug|Any CPU
		{E279326D-AFA5-4304-8681-A908AACEA4C5}.Debug|x64.ActiveCfg = Debug|Any CPU
		{E279326D-AFA5-4304-8681-A908AACEA4C5}.Debug|x64.Build.0 = Debug|Any CPU
		{E279326D-AFA5-4304-8681-A908AACEA4C5}.Debug|x86.ActiveCfg = Debug|Any CPU
		{E279326D-AFA5-4304-8681-A908AACEA4C5}.Debug|x86.Build.0 = Debug|Any CPU
		{E279326D-AFA5-4304-8681-A908AACEA4C5}.Release|Any CPU.ActiveCfg = Release|Any CPU
		{E279326D-AFA5-4304-8681-A908AACEA4C5}.Release|Any CPU.Build.0 = Release|Any CPU
		{E279326D-AFA5-4304-8681-A908AACEA4C5}.Release|x64.ActiveCfg = Release|Any CPU
		{E279326D-AFA5-4304-8681-A908AACEA4C5}.Release|x64.Build.0 = Release|Any CPU
		{E279326D-AFA5-4304-8681-A908AACEA4C5}.Release|x86.ActiveCfg = Release|Any CPU
		{E279326D-AFA5-4304-8681-A908AACEA4C5}.Release|x86.Build.0 = Release|Any CPU
		{A144BB6C-27E4-478A-B36F-BFEE56E0356C}.Debug|Any CPU.ActiveCfg = Debug|Any CPU
		{A144BB6C-27E4-478A-B36F-BFEE56E0356C}.Debug|Any CPU.Build.0 = Debug|Any CPU
		{A144BB6C-27E4-478A-B36F-BFEE56E0356C}.Debug|x64.ActiveCfg = Debug|Any CPU
		{A144BB6C-27E4-478A-B36F-BFEE56E0356C}.Debug|x64.Build.0 = Debug|Any CPU
		{A144BB6C-27E4-478A-B36F-BFEE56E0356C}.Debug|x86.ActiveCfg = Debug|Any CPU
		{A144BB6C-27E4-478A-B36F-BFEE56E0356C}.Debug|x86.Build.0 = Debug|Any CPU
		{A144BB6C-27E4-478A-B36F-BFEE56E0356C}.Release|Any CPU.ActiveCfg = Release|Any CPU
		{A144BB6C-27E4-478A-B36F-BFEE56E0356C}.Release|Any CPU.Build.0 = Release|Any CPU
		{A144BB6C-27E4-478A-B36F-BFEE56E0356C}.Release|x64.ActiveCfg = Release|Any CPU
		{A144BB6C-27E4-478A-B36F-BFEE56E0356C}.Release|x64.Build.0 = Release|Any CPU
		{A144BB6C-27E4-478A-B36F-BFEE56E0356C}.Release|x86.ActiveCfg = Release|Any CPU
		{A144BB6C-27E4-478A-B36F-BFEE56E0356C}.Release|x86.Build.0 = Release|Any CPU
		{4417875C-2346-414D-BB2B-E24090009EA0}.Debug|Any CPU.ActiveCfg = Debug|Any CPU
		{4417875C-2346-414D-BB2B-E24090009EA0}.Debug|Any CPU.Build.0 = Debug|Any CPU
		{4417875C-2346-414D-BB2B-E24090009EA0}.Debug|x64.ActiveCfg = Debug|Any CPU
		{4417875C-2346-414D-BB2B-E24090009EA0}.Debug|x64.Build.0 = Debug|Any CPU
		{4417875C-2346-414D-BB2B-E24090009EA0}.Debug|x86.ActiveCfg = Debug|Any CPU
		{4417875C-2346-414D-BB2B-E24090009EA0}.Debug|x86.Build.0 = Debug|Any CPU
		{4417875C-2346-414D-BB2B-E24090009EA0}.Release|Any CPU.ActiveCfg = Release|Any CPU
		{4417875C-2346-414D-BB2B-E24090009EA0}.Release|Any CPU.Build.0 = Release|Any CPU
		{4417875C-2346-414D-BB2B-E24090009EA0}.Release|x64.ActiveCfg = Release|Any CPU
		{4417875C-2346-414D-BB2B-E24090009EA0}.Release|x64.Build.0 = Release|Any CPU
		{4417875C-2346-414D-BB2B-E24090009EA0}.Release|x86.ActiveCfg = Release|Any CPU
		{4417875C-2346-414D-BB2B-E24090009EA0}.Release|x86.Build.0 = Release|Any CPU
	EndGlobalSection
	GlobalSection(SolutionProperties) = preSolution
		HideSolutionNode = FALSE
	EndGlobalSection
	GlobalSection(ExtensibilityGlobals) = postSolution
		SolutionGuid = {89A1EE9A-2BE9-41DC-8D22-F28210750685}
	EndGlobalSection
EndGlobal
